// !$*UTF8*$!
{
	archiveVersion = 1;
	classes = {
	};
	objectVersion = 50;
	objects = {

/* Begin PBXBuildFile section */
		630776A220703E670068A879 /* AppDelegate.swift in Sources */ = {isa = PBXBuildFile; fileRef = 630776A120703E670068A879 /* AppDelegate.swift */; };
		630776A420703E670068A879 /* ViewController.swift in Sources */ = {isa = PBXBuildFile; fileRef = 630776A320703E670068A879 /* ViewController.swift */; };
		630776A720703E670068A879 /* Main.storyboard in Resources */ = {isa = PBXBuildFile; fileRef = 630776A520703E670068A879 /* Main.storyboard */; };
		630776A920703E690068A879 /* Assets.xcassets in Resources */ = {isa = PBXBuildFile; fileRef = 630776A820703E690068A879 /* Assets.xcassets */; };
		630776AC20703E690068A879 /* LaunchScreen.storyboard in Resources */ = {isa = PBXBuildFile; fileRef = 630776AA20703E690068A879 /* LaunchScreen.storyboard */; };
		630776B720703E690068A879 /* CouchbaseFetchTests.swift in Sources */ = {isa = PBXBuildFile; fileRef = 630776B620703E690068A879 /* CouchbaseFetchTests.swift */; };
/* End PBXBuildFile section */

/* Begin PBXContainerItemProxy section */
		630776B320703E690068A879 /* PBXContainerItemProxy */ = {
			isa = PBXContainerItemProxy;
			containerPortal = 6307769620703E670068A879 /* Project object */;
			proxyType = 1;
			remoteGlobalIDString = 6307769D20703E670068A879;
			remoteInfo = CouchbaseFetch;
		};
/* End PBXContainerItemProxy section */

/* Begin PBXFileReference section */
		6307769E20703E670068A879 /* CouchbaseFetch.app */ = {isa = PBXFileReference; explicitFileType = wrapper.application; includeInIndex = 0; path = CouchbaseFetch.app; sourceTree = BUILT_PRODUCTS_DIR; };
		630776A120703E670068A879 /* AppDelegate.swift */ = {isa = PBXFileReference; lastKnownFileType = sourcecode.swift; path = AppDelegate.swift; sourceTree = "<group>"; };
		630776A320703E670068A879 /* ViewController.swift */ = {isa = PBXFileReference; lastKnownFileType = sourcecode.swift; path = ViewController.swift; sourceTree = "<group>"; };
		630776A620703E670068A879 /* Base */ = {isa = PBXFileReference; lastKnownFileType = file.storyboard; name = Base; path = Base.lproj/Main.storyboard; sourceTree = "<group>"; };
		630776A820703E690068A879 /* Assets.xcassets */ = {isa = PBXFileReference; lastKnownFileType = folder.assetcatalog; path = Assets.xcassets; sourceTree = "<group>"; };
		630776AB20703E690068A879 /* Base */ = {isa = PBXFileReference; lastKnownFileType = file.storyboard; name = Base; path = Base.lproj/LaunchScreen.storyboard; sourceTree = "<group>"; };
		630776AD20703E690068A879 /* Info.plist */ = {isa = PBXFileReference; lastKnownFileType = text.plist.xml; path = Info.plist; sourceTree = "<group>"; };
		630776B220703E690068A879 /* CouchbaseFetchTests.xctest */ = {isa = PBXFileReference; explicitFileType = wrapper.cfbundle; includeInIndex = 0; path = CouchbaseFetchTests.xctest; sourceTree = BUILT_PRODUCTS_DIR; };
		630776B620703E690068A879 /* CouchbaseFetchTests.swift */ = {isa = PBXFileReference; lastKnownFileType = sourcecode.swift; path = CouchbaseFetchTests.swift; sourceTree = "<group>"; };
		630776B820703E690068A879 /* Info.plist */ = {isa = PBXFileReference; lastKnownFileType = text.plist.xml; path = Info.plist; sourceTree = "<group>"; };
/* End PBXFileReference section */

/* Begin PBXFrameworksBuildPhase section */
		6307769B20703E670068A879 /* Frameworks */ = {
			isa = PBXFrameworksBuildPhase;
			buildActionMask = 2147483647;
			files = (
			);
			runOnlyForDeploymentPostprocessing = 0;
		};
		630776AF20703E690068A879 /* Frameworks */ = {
			isa = PBXFrameworksBuildPhase;
			buildActionMask = 2147483647;
			files = (
			);
			runOnlyForDeploymentPostprocessing = 0;
		};
/* End PBXFrameworksBuildPhase section */

/* Begin PBXGroup section */
		6307769520703E670068A879 = {
			isa = PBXGroup;
			children = (
				630776A020703E670068A879 /* CouchbaseFetch */,
				630776B520703E690068A879 /* CouchbaseFetchTests */,
				6307769F20703E670068A879 /* Products */,
			);
			sourceTree = "<group>";
		};
		6307769F20703E670068A879 /* Products */ = {
			isa = PBXGroup;
			children = (
				6307769E20703E670068A879 /* CouchbaseFetch.app */,
				630776B220703E690068A879 /* CouchbaseFetchTests.xctest */,
			);
			name = Products;
			sourceTree = "<group>";
		};
		630776A020703E670068A879 /* CouchbaseFetch */ = {
			isa = PBXGroup;
			children = (
				630776A120703E670068A879 /* AppDelegate.swift */,
				630776A320703E670068A879 /* ViewController.swift */,
				630776A520703E670068A879 /* Main.storyboard */,
				630776A820703E690068A879 /* Assets.xcassets */,
				630776AA20703E690068A879 /* LaunchScreen.storyboard */,
				630776AD20703E690068A879 /* Info.plist */,
			);
			path = CouchbaseFetch;
			sourceTree = "<group>";
		};
		630776B520703E690068A879 /* CouchbaseFetchTests */ = {
			isa = PBXGroup;
			children = (
				630776B620703E690068A879 /* CouchbaseFetchTests.swift */,
				630776B820703E690068A879 /* Info.plist */,
			);
			path = CouchbaseFetchTests;
			sourceTree = "<group>";
		};
/* End PBXGroup section */

/* Begin PBXNativeTarget section */
		6307769D20703E670068A879 /* CouchbaseFetch */ = {
			isa = PBXNativeTarget;
			buildConfigurationList = 630776BB20703E690068A879 /* Build configuration list for PBXNativeTarget "CouchbaseFetch" */;
			buildPhases = (
				6307769A20703E670068A879 /* Sources */,
				6307769B20703E670068A879 /* Frameworks */,
				6307769C20703E670068A879 /* Resources */,
			);
			buildRules = (
			);
			dependencies = (
			);
			name = CouchbaseFetch;
			productName = CouchbaseFetch;
			productReference = 6307769E20703E670068A879 /* CouchbaseFetch.app */;
			productType = "com.apple.product-type.application";
		};
		630776B120703E690068A879 /* CouchbaseFetchTests */ = {
			isa = PBXNativeTarget;
			buildConfigurationList = 630776BE20703E690068A879 /* Build configuration list for PBXNativeTarget "CouchbaseFetchTests" */;
			buildPhases = (
				630776AE20703E690068A879 /* Sources */,
				630776AF20703E690068A879 /* Frameworks */,
				630776B020703E690068A879 /* Resources */,
			);
			buildRules = (
			);
			dependencies = (
				630776B420703E690068A879 /* PBXTargetDependency */,
			);
			name = CouchbaseFetchTests;
			productName = CouchbaseFetchTests;
			productReference = 630776B220703E690068A879 /* CouchbaseFetchTests.xctest */;
			productType = "com.apple.product-type.bundle.unit-test";
		};
/* End PBXNativeTarget section */

/* Begin PBXProject section */
		6307769620703E670068A879 /* Project object */ = {
			isa = PBXProject;
			attributes = {
				LastSwiftUpdateCheck = 0930;
				LastUpgradeCheck = 0930;
				ORGANIZATIONNAME = Tapinfuse;
				TargetAttributes = {
					6307769D20703E670068A879 = {
						CreatedOnToolsVersion = 9.3;
					};
					630776B120703E690068A879 = {
						CreatedOnToolsVersion = 9.3;
						TestTargetID = 6307769D20703E670068A879;
					};
				};
			};
			buildConfigurationList = 6307769920703E670068A879 /* Build configuration list for PBXProject "CouchbaseFetch" */;
			compatibilityVersion = "Xcode 9.3";
			developmentRegion = en;
			hasScannedForEncodings = 0;
			knownRegions = (
				en,
				Base,
			);
			mainGroup = 6307769520703E670068A879;
			productRefGroup = 6307769F20703E670068A879 /* Products */;
			projectDirPath = "";
			projectRoot = "";
			targets = (
				6307769D20703E670068A879 /* CouchbaseFetch */,
				630776B120703E690068A879 /* CouchbaseFetchTests */,
			);
		};
/* End PBXProject section */

/* Begin PBXResourcesBuildPhase section */
		6307769C20703E670068A879 /* Resources */ = {
			isa = PBXResourcesBuildPhase;
			buildActionMask = 2147483647;
			files = (
				630776AC20703E690068A879 /* LaunchScreen.storyboard in Resources */,
				630776A920703E690068A879 /* Assets.xcassets in Resources */,
				630776A720703E670068A879 /* Main.storyboard in Resources */,
			);
			runOnlyForDeploymentPostprocessing = 0;
		};
		630776B020703E690068A879 /* Resources */ = {
			isa = PBXResourcesBuildPhase;
			buildActionMask = 2147483647;
			files = (
			);
			runOnlyForDeploymentPostprocessing = 0;
		};
/* End PBXResourcesBuildPhase section */

/* Begin PBXSourcesBuildPhase section */
		6307769A20703E670068A879 /* Sources */ = {
			isa = PBXSourcesBuildPhase;
			buildActionMask = 2147483647;
			files = (
				630776A420703E670068A879 /* ViewController.swift in Sources */,
				630776A220703E670068A879 /* AppDelegate.swift in Sources */,
			);
			runOnlyForDeploymentPostprocessing = 0;
		};
		630776AE20703E690068A879 /* Sources */ = {
			isa = PBXSourcesBuildPhase;
			buildActionMask = 2147483647;
			files = (
				630776B720703E690068A879 /* CouchbaseFetchTests.swift in Sources */,
			);
			runOnlyForDeploymentPostprocessing = 0;
		};
/* End PBXSourcesBuildPhase section */

/* Begin PBXTargetDependency section */
		630776B420703E690068A879 /* PBXTargetDependency */ = {
			isa = PBXTargetDependency;
			target = 6307769D20703E670068A879 /* CouchbaseFetch */;
			targetProxy = 630776B320703E690068A879 /* PBXContainerItemProxy */;
		};
/* End PBXTargetDependency section */

/* Begin PBXVariantGroup section */
		630776A520703E670068A879 /* Main.storyboard */ = {
			isa = PBXVariantGroup;
			children = (
				630776A620703E670068A879 /* Base */,
			);
			name = Main.storyboard;
			sourceTree = "<group>";
		};
		630776AA20703E690068A879 /* LaunchScreen.storyboard */ = {
			isa = PBXVariantGroup;
			children = (
				630776AB20703E690068A879 /* Base */,
			);
			name = LaunchScreen.storyboard;
			sourceTree = "<group>";
		};
/* End PBXVariantGroup section */

/* Begin XCBuildConfiguration section */
		630776B920703E690068A879 /* Debug */ = {
			isa = XCBuildConfiguration;
			buildSettings = {
				ALWAYS_SEARCH_USER_PATHS = NO;
				CLANG_ANALYZER_NONNULL = YES;
				CLANG_ANALYZER_NUMBER_OBJECT_CONVERSION = YES_AGGRESSIVE;
				CLANG_CXX_LANGUAGE_STANDARD = "gnu++14";
				CLANG_CXX_LIBRARY = "libc++";
				CLANG_ENABLE_MODULES = YES;
				CLANG_ENABLE_OBJC_ARC = YES;
				CLANG_ENABLE_OBJC_WEAK = YES;
				CLANG_WARN_BLOCK_CAPTURE_AUTORELEASING = YES;
				CLANG_WARN_BOOL_CONVERSION = YES;
				CLANG_WARN_COMMA = YES;
				CLANG_WARN_CONSTANT_CONVERSION = YES;
				CLANG_WARN_DEPRECATED_OBJC_IMPLEMENTATIONS = YES;
				CLANG_WARN_DIRECT_OBJC_ISA_USAGE = YES_ERROR;
				CLANG_WARN_DOCUMENTATION_COMMENTS = YES;
				CLANG_WARN_EMPTY_BODY = YES;
				CLANG_WARN_ENUM_CONVERSION = YES;
				CLANG_WARN_INFINITE_RECURSION = YES;
				CLANG_WARN_INT_CONVERSION = YES;
				CLANG_WARN_NON_LITERAL_NULL_CONVERSION = YES;
				CLANG_WARN_OBJC_IMPLICIT_RETAIN_SELF = YES;
				CLANG_WARN_OBJC_LITERAL_CONVERSION = YES;
				CLANG_WARN_OBJC_ROOT_CLASS = YES_ERROR;
				CLANG_WARN_RANGE_LOOP_ANALYSIS = YES;
				CLANG_WARN_STRICT_PROTOTYPES = YES;
				CLANG_WARN_SUSPICIOUS_MOVE = YES;
				CLANG_WARN_UNGUARDED_AVAILABILITY = YES_AGGRESSIVE;
				CLANG_WARN_UNREACHABLE_CODE = YES;
				CLANG_WARN__DUPLICATE_METHOD_MATCH = YES;
				CODE_SIGN_IDENTITY = "iPhone Developer";
				COPY_PHASE_STRIP = NO;
				DEBUG_INFORMATION_FORMAT = dwarf;
				ENABLE_STRICT_OBJC_MSGSEND = YES;
				ENABLE_TESTABILITY = YES;
				GCC_C_LANGUAGE_STANDARD = gnu11;
				GCC_DYNAMIC_NO_PIC = NO;
				GCC_NO_COMMON_BLOCKS = YES;
				GCC_OPTIMIZATION_LEVEL = 0;
				GCC_PREPROCESSOR_DEFINITIONS = (
					"DEBUG=1",
					"$(inherited)",
				);
				GCC_WARN_64_TO_32_BIT_CONVERSION = YES;
				GCC_WARN_ABOUT_RETURN_TYPE = YES_ERROR;
				GCC_WARN_UNDECLARED_SELECTOR = YES;
				GCC_WARN_UNINITIALIZED_AUTOS = YES_AGGRESSIVE;
				GCC_WARN_UNUSED_FUNCTION = YES;
				GCC_WARN_UNUSED_VARIABLE = YES;
				IPHONEOS_DEPLOYMENT_TARGET = 11.3;
				MTL_ENABLE_DEBUG_INFO = YES;
				ONLY_ACTIVE_ARCH = YES;
				SDKROOT = iphoneos;
				SWIFT_ACTIVE_COMPILATION_CONDITIONS = DEBUG;
				SWIFT_OPTIMIZATION_LEVEL = "-Onone";
			};
			name = Debug;
		};
		630776BA20703E690068A879 /* Release */ = {
			isa = XCBuildConfiguration;
			buildSettings = {
				ALWAYS_SEARCH_USER_PATHS = NO;
				CLANG_ANALYZER_NONNULL = YES;
				CLANG_ANALYZER_NUMBER_OBJECT_CONVERSION = YES_AGGRESSIVE;
				CLANG_CXX_LANGUAGE_STANDARD = "gnu++14";
				CLANG_CXX_LIBRARY = "libc++";
				CLANG_ENABLE_MODULES = YES;
				CLANG_ENABLE_OBJC_ARC = YES;
				CLANG_ENABLE_OBJC_WEAK = YES;
				CLANG_WARN_BLOCK_CAPTURE_AUTORELEASING = YES;
				CLANG_WARN_BOOL_CONVERSION = YES;
				CLANG_WARN_COMMA = YES;
				CLANG_WARN_CONSTANT_CONVERSION = YES;
				CLANG_WARN_DEPRECATED_OBJC_IMPLEMENTATIONS = YES;
				CLANG_WARN_DIRECT_OBJC_ISA_USAGE = YES_ERROR;
				CLANG_WARN_DOCUMENTATION_COMMENTS = YES;
				CLANG_WARN_EMPTY_BODY = YES;
				CLANG_WARN_ENUM_CONVERSION = YES;
				CLANG_WARN_INFINITE_RECURSION = YES;
				CLANG_WARN_INT_CONVERSION = YES;
				CLANG_WARN_NON_LITERAL_NULL_CONVERSION = YES;
				CLANG_WARN_OBJC_IMPLICIT_RETAIN_SELF = YES;
				CLANG_WARN_OBJC_LITERAL_CONVERSION = YES;
				CLANG_WARN_OBJC_ROOT_CLASS = YES_ERROR;
				CLANG_WARN_RANGE_LOOP_ANALYSIS = YES;
				CLANG_WARN_STRICT_PROTOTYPES = YES;
				CLANG_WARN_SUSPICIOUS_MOVE = YES;
				CLANG_WARN_UNGUARDED_AVAILABILITY = YES_AGGRESSIVE;
				CLANG_WARN_UNREACHABLE_CODE = YES;
				CLANG_WARN__DUPLICATE_METHOD_MATCH = YES;
				CODE_SIGN_IDENTITY = "iPhone Developer";
				COPY_PHASE_STRIP = NO;
				DEBUG_INFORMATION_FORMAT = "dwarf-with-dsym";
				ENABLE_NS_ASSERTIONS = NO;
				ENABLE_STRICT_OBJC_MSGSEND = YES;
				GCC_C_LANGUAGE_STANDARD = gnu11;
				GCC_NO_COMMON_BLOCKS = YES;
				GCC_WARN_64_TO_32_BIT_CONVERSION = YES;
				GCC_WARN_ABOUT_RETURN_TYPE = YES_ERROR;
				GCC_WARN_UNDECLARED_SELECTOR = YES;
				GCC_WARN_UNINITIALIZED_AUTOS = YES_AGGRESSIVE;
				GCC_WARN_UNUSED_FUNCTION = YES;
				GCC_WARN_UNUSED_VARIABLE = YES;
				IPHONEOS_DEPLOYMENT_TARGET = 11.3;
				MTL_ENABLE_DEBUG_INFO = NO;
				SDKROOT = iphoneos;
				SWIFT_COMPILATION_MODE = wholemodule;
				SWIFT_OPTIMIZATION_LEVEL = "-O";
				VALIDATE_PRODUCT = YES;
			};
			name = Release;
		};
		630776BC20703E690068A879 /* Debug */ = {
			isa = XCBuildConfiguration;
			buildSettings = {
				ASSETCATALOG_COMPILER_APPICON_NAME = AppIcon;
				CODE_SIGN_STYLE = Automatic;
				DEVELOPMENT_TEAM = DK89B3CEZ5;
				INFOPLIST_FILE = CouchbaseFetch/Info.plist;
				LD_RUNPATH_SEARCH_PATHS = (
					"$(inherited)",
					"@executable_path/Frameworks",
				);
				PRODUCT_BUNDLE_IDENTIFIER = com.tapinfuse.CouchbaseFetch;
				PRODUCT_NAME = "$(TARGET_NAME)";
				SWIFT_VERSION = 4.0;
				TARGETED_DEVICE_FAMILY = "1,2";
			};
			name = Debug;
		};
		630776BD20703E690068A879 /* Release */ = {
			isa = XCBuildConfiguration;
			buildSettings = {
				ASSETCATALOG_COMPILER_APPICON_NAME = AppIcon;
				CODE_SIGN_STYLE = Automatic;
				DEVELOPMENT_TEAM = DK89B3CEZ5;
				INFOPLIST_FILE = CouchbaseFetch/Info.plist;
				LD_RUNPATH_SEARCH_PATHS = (
					"$(inherited)",
					"@executable_path/Frameworks",
				);
				PRODUCT_BUNDLE_IDENTIFIER = com.tapinfuse.CouchbaseFetch;
				PRODUCT_NAME = "$(TARGET_NAME)";
				SWIFT_VERSION = 4.0;
				TARGETED_DEVICE_FAMILY = "1,2";
			};
			name = Release;
		};
		630776BF20703E690068A879 /* Debug */ = {
			isa = XCBuildConfiguration;
			buildSettings = {
				ALWAYS_EMBED_SWIFT_STANDARD_LIBRARIES = YES;
				BUNDLE_LOADER = "$(TEST_HOST)";
				CODE_SIGN_STYLE = Automatic;
				DEVELOPMENT_TEAM = DK89B3CEZ5;
				INFOPLIST_FILE = CouchbaseFetchTests/Info.plist;
				LD_RUNPATH_SEARCH_PATHS = (
					"$(inherited)",
					"@executable_path/Frameworks",
					"@loader_path/Frameworks",
				);
				PRODUCT_BUNDLE_IDENTIFIER = com.tapinfuse.CouchbaseFetchTests;
				PRODUCT_NAME = "$(TARGET_NAME)";
				SWIFT_VERSION = 4.0;
				TARGETED_DEVICE_FAMILY = "1,2";
				TEST_HOST = "$(BUILT_PRODUCTS_DIR)/CouchbaseFetch.app/CouchbaseFetch";
			};
			name = Debug;
		};
		630776C020703E690068A879 /* Release */ = {
			isa = XCBuildConfiguration;
			buildSettings = {
				ALWAYS_EMBED_SWIFT_STANDARD_LIBRARIES = YES;
				BUNDLE_LOADER = "$(TEST_HOST)";
				CODE_SIGN_STYLE = Automatic;
				DEVELOPMENT_TEAM = DK89B3CEZ5;
				INFOPLIST_FILE = CouchbaseFetchTests/Info.plist;
				LD_RUNPATH_SEARCH_PATHS = (
					"$(inherited)",
					"@executable_path/Frameworks",
					"@loader_path/Frameworks",
				);
				PRODUCT_BUNDLE_IDENTIFIER = com.tapinfuse.CouchbaseFetchTests;
				PRODUCT_NAME = "$(TARGET_NAME)";
				SWIFT_VERSION = 4.0;
				TARGETED_DEVICE_FAMILY = "1,2";
				TEST_HOST = "$(BUILT_PRODUCTS_DIR)/CouchbaseFetch.app/CouchbaseFetch";
			};
			name = Release;
		};
/* End XCBuildConfiguration section */

/* Begin XCConfigurationList section */
		6307769920703E670068A879 /* Build configuration list for PBXProject "CouchbaseFetch" */ = {
			isa = XCConfigurationList;
			buildConfigurations = (
				630776B920703E690068A879 /* Debug */,
				630776BA20703E690068A879 /* Release */,
			);
			defaultConfigurationIsVisible = 0;
			defaultConfigurationName = Release;
		};
		630776BB20703E690068A879 /* Build configuration list for PBXNativeTarget "CouchbaseFetch" */ = {
			isa = XCConfigurationList;
			buildConfigurations = (
				630776BC20703E690068A879 /* Debug */,
				630776BD20703E690068A879 /* Release */,
			);
			defaultConfigurationIsVisible = 0;
			defaultConfigurationName = Release;
		};
		630776BE20703E690068A879 /* Build configuration list for PBXNativeTarget "CouchbaseFetchTests" */ = {
			isa = XCConfigurationList;
			buildConfigurations = (
				630776BF20703E690068A879 /* Debug */,
				630776C020703E690068A879 /* Release */,
			);
			defaultConfigurationIsVisible = 0;
			defaultConfigurationName = Release;
		};
/* End XCConfigurationList section */
	};
	rootObject = 6307769620703E670068A879 /* Project object */;
}
